
Microsoft Visual Studio Solution File, Format Version 12.00
# Visual Studio Version 17
VisualStudioVersion = 17.4.33122.133
MinimumVisualStudioVersion = 10.0.40219.1
Project("{FAE04EC0-301F-11D3-BF4B-00C04F79EFBC}") = "ProductCampaignsMenager", "ProductCampaignsMenager.csproj", "{12864865-A5E4-458B-888C-4E476B3F6EDB}"
EndProject
Global
	GlobalSection(SolutionConfigurationPlatforms) = preSolution
		Debug|Any CPU = Debug|Any CPU
		Release|Any CPU = Release|Any CPU
	EndGlobalSection
	GlobalSection(ProjectConfigurationPlatforms) = postSolution
		{12864865-A5E4-458B-888C-4E476B3F6EDB}.Debug|Any CPU.ActiveCfg = Debug|Any CPU
		{12864865-A5E4-458B-888C-4E476B3F6EDB}.Debug|Any CPU.Build.0 = Debug|Any CPU
		{12864865-A5E4-458B-888C-4E476B3F6EDB}.Release|Any CPU.ActiveCfg = Release|Any CPU
		{12864865-A5E4-458B-888C-4E476B3F6EDB}.Release|Any CPU.Build.0 = Release|Any CPU
	EndGlobalSection
	GlobalSection(SolutionProperties) = preSolution
		HideSolutionNode = FALSE
	EndGlobalSection
	GlobalSection(ExtensibilityGlobals) = postSolution
		SolutionGuid = {DD8E9D12-0222-4D4A-BE57-CB07BE640453}
	EndGlobalSection
EndGlobal
